
Microsoft Visual Studio Solution File, Format Version 12.00
# Visual Studio Version 17
VisualStudioVersion = 17.9.34607.119
MinimumVisualStudioVersion = 10.0.40219.1
Project("{FAE04EC0-301F-11D3-BF4B-00C04F79EFBC}") = "HouseRentingSystem", "HouseRentingSystem\HouseRentingSystem.csproj", "{5E28F535-812A-4830-B8EA-B347A6CF4C51}"
EndProject
Global
	GlobalSection(SolutionConfigurationPlatforms) = preSolution
		Debug|Any CPU = Debug|Any CPU
		Release|Any CPU = Release|Any CPU
	EndGlobalSection
	GlobalSection(ProjectConfigurationPlatforms) = postSolution
		{5E28F535-812A-4830-B8EA-B347A6CF4C51}.Debug|Any CPU.ActiveCfg = Debug|Any CPU
		{5E28F535-812A-4830-B8EA-B347A6CF4C51}.Debug|Any CPU.Build.0 = Debug|Any CPU
		{5E28F535-812A-4830-B8EA-B347A6CF4C51}.Release|Any CPU.ActiveCfg = Release|Any CPU
		{5E28F535-812A-4830-B8EA-B347A6CF4C51}.Release|Any CPU.Build.0 = Release|Any CPU
	EndGlobalSection
	GlobalSection(SolutionProperties) = preSolution
		HideSolutionNode = FALSE
	EndGlobalSection
	GlobalSection(ExtensibilityGlobals) = postSolution
		SolutionGuid = {AEA61E3D-6FF8-476A-9DB8-93C5CA87571C}
	EndGlobalSection
EndGlobal
