
Microsoft Visual Studio Solution File, Format Version 12.00
# Visual Studio Version 17
VisualStudioVersion = 17.4.33205.214
MinimumVisualStudioVersion = 10.0.40219.1
Project("{9A19103F-16F7-4668-BE54-9A1E7A4F7556}") = "CustomList", "Create Custom Data Structures\CustomList.csproj", "{00D46648-A70F-4578-B912-2C3256E635FC}"
EndProject
Project("{9A19103F-16F7-4668-BE54-9A1E7A4F7556}") = "CustomStack", "CustomStack\CustomStack.csproj", "{478896DB-7925-48E5-A89A-F681389D5BCC}"
EndProject
Project("{FAE04EC0-301F-11D3-BF4B-00C04F79EFBC}") = "CustomQueue", "CustomQueue\CustomQueue.csproj", "{A807C920-17C8-44E9-85DD-94B386493B06}"
EndProject
Global
	GlobalSection(SolutionConfigurationPlatforms) = preSolution
		Debug|Any CPU = Debug|Any CPU
		Release|Any CPU = Release|Any CPU
	EndGlobalSection
	GlobalSection(ProjectConfigurationPlatforms) = postSolution
		{00D46648-A70F-4578-B912-2C3256E635FC}.Debug|Any CPU.ActiveCfg = Debug|Any CPU
		{00D46648-A70F-4578-B912-2C3256E635FC}.Debug|Any CPU.Build.0 = Debug|Any CPU
		{00D46648-A70F-4578-B912-2C3256E635FC}.Release|Any CPU.ActiveCfg = Release|Any CPU
		{00D46648-A70F-4578-B912-2C3256E635FC}.Release|Any CPU.Build.0 = Release|Any CPU
		{478896DB-7925-48E5-A89A-F681389D5BCC}.Debug|Any CPU.ActiveCfg = Debug|Any CPU
		{478896DB-7925-48E5-A89A-F681389D5BCC}.Debug|Any CPU.Build.0 = Debug|Any CPU
		{478896DB-7925-48E5-A89A-F681389D5BCC}.Release|Any CPU.ActiveCfg = Release|Any CPU
		{478896DB-7925-48E5-A89A-F681389D5BCC}.Release|Any CPU.Build.0 = Release|Any CPU
		{A807C920-17C8-44E9-85DD-94B386493B06}.Debug|Any CPU.ActiveCfg = Debug|Any CPU
		{A807C920-17C8-44E9-85DD-94B386493B06}.Debug|Any CPU.Build.0 = Debug|Any CPU
		{A807C920-17C8-44E9-85DD-94B386493B06}.Release|Any CPU.ActiveCfg = Release|Any CPU
		{A807C920-17C8-44E9-85DD-94B386493B06}.Release|Any CPU.Build.0 = Release|Any CPU
	EndGlobalSection
	GlobalSection(SolutionProperties) = preSolution
		HideSolutionNode = FALSE
	EndGlobalSection
	GlobalSection(ExtensibilityGlobals) = postSolution
		SolutionGuid = {6C6F4FE6-5B4C-4447-808A-7355D1CF910E}
	EndGlobalSection
EndGlobal
