
Microsoft Visual Studio Solution File, Format Version 12.00
# Visual Studio Version 17
VisualStudioVersion = 17.4.33205.214
MinimumVisualStudioVersion = 10.0.40219.1
Project("{FAE04EC0-301F-11D3-BF4B-00C04F79EFBC}") = "01. Library", "01. Library\01. Library.csproj", "{BE56843A-1E10-4957-A5DE-18601346393A}"
EndProject
Global
	GlobalSection(SolutionConfigurationPlatforms) = preSolution
		Debug|Any CPU = Debug|Any CPU
		Release|Any CPU = Release|Any CPU
	EndGlobalSection
	GlobalSection(ProjectConfigurationPlatforms) = postSolution
		{BE56843A-1E10-4957-A5DE-18601346393A}.Debug|Any CPU.ActiveCfg = Debug|Any CPU
		{BE56843A-1E10-4957-A5DE-18601346393A}.Debug|Any CPU.Build.0 = Debug|Any CPU
		{BE56843A-1E10-4957-A5DE-18601346393A}.Release|Any CPU.ActiveCfg = Release|Any CPU
		{BE56843A-1E10-4957-A5DE-18601346393A}.Release|Any CPU.Build.0 = Release|Any CPU
	EndGlobalSection
	GlobalSection(SolutionProperties) = preSolution
		HideSolutionNode = FALSE
	EndGlobalSection
	GlobalSection(ExtensibilityGlobals) = postSolution
		SolutionGuid = {54342E0E-387D-4C30-8208-88D1A1A236C5}
	EndGlobalSection
EndGlobal
