
Microsoft Visual Studio Solution File, Format Version 12.00
# Visual Studio Version 17
VisualStudioVersion = 17.5.33414.496
MinimumVisualStudioVersion = 10.0.40219.1
Project("{FAE04EC0-301F-11D3-BF4B-00C04F79EFBC}") = "01. Single Inheritance", "01. Single Inheritance\01. Single Inheritance.csproj", "{6DF06CAD-298E-4482-BE93-B887C7C4A349}"
EndProject
Project("{FAE04EC0-301F-11D3-BF4B-00C04F79EFBC}") = "02. Multiple Inheritance", "02. Multiple Inheritance\02. Multiple Inheritance.csproj", "{AE179012-17B6-4A2B-8270-969E7EB24440}"
EndProject
Project("{FAE04EC0-301F-11D3-BF4B-00C04F79EFBC}") = "03. Hierarchical Inheritance", "03. Hierarchical Inheritance\03. Hierarchical Inheritance.csproj", "{683AD9C1-4E62-4E5E-A17A-3D029CC49363}"
EndProject
Project("{FAE04EC0-301F-11D3-BF4B-00C04F79EFBC}") = "04. Random List", "04. Random List\04. Random List.csproj", "{2CB21B37-1712-4E9C-83B2-4CAE7EFB5AD5}"
EndProject
Project("{FAE04EC0-301F-11D3-BF4B-00C04F79EFBC}") = "05. Stack of Strings", "05. Stack of Strings\05. Stack of Strings.csproj", "{FF97EF98-BEB4-46DA-B1D4-E6E9A24E450F}"
EndProject
Global
	GlobalSection(SolutionConfigurationPlatforms) = preSolution
		Debug|Any CPU = Debug|Any CPU
		Release|Any CPU = Release|Any CPU
	EndGlobalSection
	GlobalSection(ProjectConfigurationPlatforms) = postSolution
		{6DF06CAD-298E-4482-BE93-B887C7C4A349}.Debug|Any CPU.ActiveCfg = Debug|Any CPU
		{6DF06CAD-298E-4482-BE93-B887C7C4A349}.Debug|Any CPU.Build.0 = Debug|Any CPU
		{6DF06CAD-298E-4482-BE93-B887C7C4A349}.Release|Any CPU.ActiveCfg = Release|Any CPU
		{6DF06CAD-298E-4482-BE93-B887C7C4A349}.Release|Any CPU.Build.0 = Release|Any CPU
		{AE179012-17B6-4A2B-8270-969E7EB24440}.Debug|Any CPU.ActiveCfg = Debug|Any CPU
		{AE179012-17B6-4A2B-8270-969E7EB24440}.Debug|Any CPU.Build.0 = Debug|Any CPU
		{AE179012-17B6-4A2B-8270-969E7EB24440}.Release|Any CPU.ActiveCfg = Release|Any CPU
		{AE179012-17B6-4A2B-8270-969E7EB24440}.Release|Any CPU.Build.0 = Release|Any CPU
		{683AD9C1-4E62-4E5E-A17A-3D029CC49363}.Debug|Any CPU.ActiveCfg = Debug|Any CPU
		{683AD9C1-4E62-4E5E-A17A-3D029CC49363}.Debug|Any CPU.Build.0 = Debug|Any CPU
		{683AD9C1-4E62-4E5E-A17A-3D029CC49363}.Release|Any CPU.ActiveCfg = Release|Any CPU
		{683AD9C1-4E62-4E5E-A17A-3D029CC49363}.Release|Any CPU.Build.0 = Release|Any CPU
		{2CB21B37-1712-4E9C-83B2-4CAE7EFB5AD5}.Debug|Any CPU.ActiveCfg = Debug|Any CPU
		{2CB21B37-1712-4E9C-83B2-4CAE7EFB5AD5}.Debug|Any CPU.Build.0 = Debug|Any CPU
		{2CB21B37-1712-4E9C-83B2-4CAE7EFB5AD5}.Release|Any CPU.ActiveCfg = Release|Any CPU
		{2CB21B37-1712-4E9C-83B2-4CAE7EFB5AD5}.Release|Any CPU.Build.0 = Release|Any CPU
		{FF97EF98-BEB4-46DA-B1D4-E6E9A24E450F}.Debug|Any CPU.ActiveCfg = Debug|Any CPU
		{FF97EF98-BEB4-46DA-B1D4-E6E9A24E450F}.Debug|Any CPU.Build.0 = Debug|Any CPU
		{FF97EF98-BEB4-46DA-B1D4-E6E9A24E450F}.Release|Any CPU.ActiveCfg = Release|Any CPU
		{FF97EF98-BEB4-46DA-B1D4-E6E9A24E450F}.Release|Any CPU.Build.0 = Release|Any CPU
	EndGlobalSection
	GlobalSection(SolutionProperties) = preSolution
		HideSolutionNode = FALSE
	EndGlobalSection
	GlobalSection(ExtensibilityGlobals) = postSolution
		SolutionGuid = {C5DF2978-2B25-4B95-8B29-14270E6C906B}
	EndGlobalSection
EndGlobal
